
Microsoft Visual Studio Solution File, Format Version 12.00
# Visual Studio Version 16
VisualStudioVersion = 16.0.29509.3
MinimumVisualStudioVersion = 10.0.40219.1
Project("{FAE04EC0-301F-11D3-BF4B-00C04F79EFBC}") = "ShopApp.Entities", "ShopApp.Entities\ShopApp.Entities.csproj", "{885E3DEC-0629-4E3A-AAE4-C2B612E90DBE}"
EndProject
Project("{FAE04EC0-301F-11D3-BF4B-00C04F79EFBC}") = "ShopApp.DataAccess", "ShopApp.DataAccess\ShopApp.DataAccess.csproj", "{A4AD0851-EA51-4CDF-A54F-5650A77B6F28}"
EndProject
Project("{FAE04EC0-301F-11D3-BF4B-00C04F79EFBC}") = "ShopApp.Business", "ShopApp.Business\ShopApp.Business.csproj", "{8CB03D91-D5F8-431C-B385-D2E3A31D3D72}"
EndProject
Project("{FAE04EC0-301F-11D3-BF4B-00C04F79EFBC}") = "ShopApp.WebUI", "ShopApp.WebUI\ShopApp.WebUI.csproj", "{62028449-0424-4989-9295-A91DA81547AB}"
EndProject
Global
	GlobalSection(SolutionConfigurationPlatforms) = preSolution
		Debug|Any CPU = Debug|Any CPU
		Release|Any CPU = Release|Any CPU
	EndGlobalSection
	GlobalSection(ProjectConfigurationPlatforms) = postSolution
		{885E3DEC-0629-4E3A-AAE4-C2B612E90DBE}.Debug|Any CPU.ActiveCfg = Debug|Any CPU
		{885E3DEC-0629-4E3A-AAE4-C2B612E90DBE}.Debug|Any CPU.Build.0 = Debug|Any CPU
		{885E3DEC-0629-4E3A-AAE4-C2B612E90DBE}.Release|Any CPU.ActiveCfg = Release|Any CPU
		{885E3DEC-0629-4E3A-AAE4-C2B612E90DBE}.Release|Any CPU.Build.0 = Release|Any CPU
		{A4AD0851-EA51-4CDF-A54F-5650A77B6F28}.Debug|Any CPU.ActiveCfg = Debug|Any CPU
		{A4AD0851-EA51-4CDF-A54F-5650A77B6F28}.Debug|Any CPU.Build.0 = Debug|Any CPU
		{A4AD0851-EA51-4CDF-A54F-5650A77B6F28}.Release|Any CPU.ActiveCfg = Release|Any CPU
		{A4AD0851-EA51-4CDF-A54F-5650A77B6F28}.Release|Any CPU.Build.0 = Release|Any CPU
		{8CB03D91-D5F8-431C-B385-D2E3A31D3D72}.Debug|Any CPU.ActiveCfg = Debug|Any CPU
		{8CB03D91-D5F8-431C-B385-D2E3A31D3D72}.Debug|Any CPU.Build.0 = Debug|Any CPU
		{8CB03D91-D5F8-431C-B385-D2E3A31D3D72}.Release|Any CPU.ActiveCfg = Release|Any CPU
		{8CB03D91-D5F8-431C-B385-D2E3A31D3D72}.Release|Any CPU.Build.0 = Release|Any CPU
		{62028449-0424-4989-9295-A91DA81547AB}.Debug|Any CPU.ActiveCfg = Debug|Any CPU
		{62028449-0424-4989-9295-A91DA81547AB}.Debug|Any CPU.Build.0 = Debug|Any CPU
		{62028449-0424-4989-9295-A91DA81547AB}.Release|Any CPU.ActiveCfg = Release|Any CPU
		{62028449-0424-4989-9295-A91DA81547AB}.Release|Any CPU.Build.0 = Release|Any CPU
	EndGlobalSection
	GlobalSection(SolutionProperties) = preSolution
		HideSolutionNode = FALSE
	EndGlobalSection
	GlobalSection(ExtensibilityGlobals) = postSolution
		SolutionGuid = {C1641F93-EE8F-4E1F-B6F6-D7FF02A2F2FB}
	EndGlobalSection
EndGlobal
